// !$*UTF8*$!
{
	archiveVersion = 1;
	classes = {
	};
	objectVersion = 56;
	objects = {

/* Begin PBXBuildFile section */
		CB62EE0A2C01D93E00325359 /* APIManager.swift in Sources */ = {isa = PBXBuildFile; fileRef = CB62EE092C01D93E00325359 /* APIManager.swift */; };
		CB7C39C62C01AEE0003FE92D /* AppDelegate.swift in Sources */ = {isa = PBXBuildFile; fileRef = CB7C39C52C01AEE0003FE92D /* AppDelegate.swift */; };
		CB7C39C82C01AEE0003FE92D /* SceneDelegate.swift in Sources */ = {isa = PBXBuildFile; fileRef = CB7C39C72C01AEE0003FE92D /* SceneDelegate.swift */; };
		CB7C39CD2C01AEE0003FE92D /* Main.storyboard in Resources */ = {isa = PBXBuildFile; fileRef = CB7C39CB2C01AEE0003FE92D /* Main.storyboard */; };
		CB7C39CF2C01AEE1003FE92D /* Assets.xcassets in Resources */ = {isa = PBXBuildFile; fileRef = CB7C39CE2C01AEE1003FE92D /* Assets.xcassets */; };
		CB7C39D22C01AEE1003FE92D /* LaunchScreen.storyboard in Resources */ = {isa = PBXBuildFile; fileRef = CB7C39D02C01AEE1003FE92D /* LaunchScreen.storyboard */; };
		CB7C39DC2C01BAED003FE92D /* ChatbotViewController.swift in Sources */ = {isa = PBXBuildFile; fileRef = CB7C39DB2C01BAED003FE92D /* ChatbotViewController.swift */; };
		CB7CDA482C02570600B95A0B /* AudioTableViewCell.swift in Sources */ = {isa = PBXBuildFile; fileRef = CB7CDA472C02570600B95A0B /* AudioTableViewCell.swift */; };
/* End PBXBuildFile section */

/* Begin PBXFileReference section */
		CB62EE092C01D93E00325359 /* APIManager.swift */ = {isa = PBXFileReference; lastKnownFileType = sourcecode.swift; path = APIManager.swift; sourceTree = "<group>"; };
		CB7C39C22C01AEE0003FE92D /* Hackathon-nF.app */ = {isa = PBXFileReference; explicitFileType = wrapper.application; includeInIndex = 0; path = "Hackathon-nF.app"; sourceTree = BUILT_PRODUCTS_DIR; };
		CB7C39C52C01AEE0003FE92D /* AppDelegate.swift */ = {isa = PBXFileReference; lastKnownFileType = sourcecode.swift; path = AppDelegate.swift; sourceTree = "<group>"; };
		CB7C39C72C01AEE0003FE92D /* SceneDelegate.swift */ = {isa = PBXFileReference; lastKnownFileType = sourcecode.swift; path = SceneDelegate.swift; sourceTree = "<group>"; };
		CB7C39CC2C01AEE0003FE92D /* Base */ = {isa = PBXFileReference; lastKnownFileType = file.storyboard; name = Base; path = Base.lproj/Main.storyboard; sourceTree = "<group>"; };
		CB7C39CE2C01AEE1003FE92D /* Assets.xcassets */ = {isa = PBXFileReference; lastKnownFileType = folder.assetcatalog; path = Assets.xcassets; sourceTree = "<group>"; };
		CB7C39D12C01AEE1003FE92D /* Base */ = {isa = PBXFileReference; lastKnownFileType = file.storyboard; name = Base; path = Base.lproj/LaunchScreen.storyboard; sourceTree = "<group>"; };
		CB7C39D32C01AEE1003FE92D /* Info.plist */ = {isa = PBXFileReference; lastKnownFileType = text.plist.xml; path = Info.plist; sourceTree = "<group>"; };
		CB7C39DB2C01BAED003FE92D /* ChatbotViewController.swift */ = {isa = PBXFileReference; lastKnownFileType = sourcecode.swift; path = ChatbotViewController.swift; sourceTree = "<group>"; };
		CB7CDA472C02570600B95A0B /* AudioTableViewCell.swift */ = {isa = PBXFileReference; lastKnownFileType = sourcecode.swift; path = AudioTableViewCell.swift; sourceTree = "<group>"; };
		CB7CDA6D2C02E89D00B95A0B /* Config.xcconfig */ = {isa = PBXFileReference; lastKnownFileType = text.xcconfig; path = Config.xcconfig; sourceTree = "<group>"; };
/* End PBXFileReference section */

/* Begin PBXFrameworksBuildPhase section */
		CB7C39BF2C01AEE0003FE92D /* Frameworks */ = {
			isa = PBXFrameworksBuildPhase;
			buildActionMask = 2147483647;
			files = (
			);
			runOnlyForDeploymentPostprocessing = 0;
		};
/* End PBXFrameworksBuildPhase section */

/* Begin PBXGroup section */
		CB7C39B92C01AEE0003FE92D = {
			isa = PBXGroup;
			children = (
				CB7C39C42C01AEE0003FE92D /* Hackathon-nF */,
				CB7C39C32C01AEE0003FE92D /* Products */,
			);
			sourceTree = "<group>";
		};
		CB7C39C32C01AEE0003FE92D /* Products */ = {
			isa = PBXGroup;
			children = (
				CB7C39C22C01AEE0003FE92D /* Hackathon-nF.app */,
			);
			name = Products;
			sourceTree = "<group>";
		};
		CB7C39C42C01AEE0003FE92D /* Hackathon-nF */ = {
			isa = PBXGroup;
			children = (
				CB62EE092C01D93E00325359 /* APIManager.swift */,
				CB7C39DB2C01BAED003FE92D /* ChatbotViewController.swift */,
				CB7CDA472C02570600B95A0B /* AudioTableViewCell.swift */,
				CB7C39CB2C01AEE0003FE92D /* Main.storyboard */,
				CB7C39CE2C01AEE1003FE92D /* Assets.xcassets */,
				CB7C39D02C01AEE1003FE92D /* LaunchScreen.storyboard */,
				CB7C39D32C01AEE1003FE92D /* Info.plist */,
				CB7C39C52C01AEE0003FE92D /* AppDelegate.swift */,
				CB7C39C72C01AEE0003FE92D /* SceneDelegate.swift */,
				CB7CDA6D2C02E89D00B95A0B /* Config.xcconfig */,
			);
			path = "Hackathon-nF";
			sourceTree = "<group>";
		};
/* End PBXGroup section */

/* Begin PBXNativeTarget section */
		CB7C39C12C01AEE0003FE92D /* Hackathon-nF */ = {
			isa = PBXNativeTarget;
			buildConfigurationList = CB7C39D62C01AEE1003FE92D /* Build configuration list for PBXNativeTarget "Hackathon-nF" */;
			buildPhases = (
				CB7C39BE2C01AEE0003FE92D /* Sources */,
				CB7C39BF2C01AEE0003FE92D /* Frameworks */,
				CB7C39C02C01AEE0003FE92D /* Resources */,
			);
			buildRules = (
			);
			dependencies = (
			);
			name = "Hackathon-nF";
			productName = "Hackathon-nF";
			productReference = CB7C39C22C01AEE0003FE92D /* Hackathon-nF.app */;
			productType = "com.apple.product-type.application";
		};
/* End PBXNativeTarget section */

/* Begin PBXProject section */
		CB7C39BA2C01AEE0003FE92D /* Project object */ = {
			isa = PBXProject;
			attributes = {
				BuildIndependentTargetsInParallel = 1;
				LastSwiftUpdateCheck = 1520;
				LastUpgradeCheck = 1520;
				TargetAttributes = {
					CB7C39C12C01AEE0003FE92D = {
						CreatedOnToolsVersion = 15.2;
					};
				};
			};
			buildConfigurationList = CB7C39BD2C01AEE0003FE92D /* Build configuration list for PBXProject "Hackathon-nF" */;
			compatibilityVersion = "Xcode 14.0";
			developmentRegion = en;
			hasScannedForEncodings = 0;
			knownRegions = (
				en,
				Base,
			);
			mainGroup = CB7C39B92C01AEE0003FE92D;
			productRefGroup = CB7C39C32C01AEE0003FE92D /* Products */;
			projectDirPath = "";
			projectRoot = "";
			targets = (
				CB7C39C12C01AEE0003FE92D /* Hackathon-nF */,
			);
		};
/* End PBXProject section */

/* Begin PBXResourcesBuildPhase section */
		CB7C39C02C01AEE0003FE92D /* Resources */ = {
			isa = PBXResourcesBuildPhase;
			buildActionMask = 2147483647;
			files = (
				CB7C39D22C01AEE1003FE92D /* LaunchScreen.storyboard in Resources */,
				CB7C39CF2C01AEE1003FE92D /* Assets.xcassets in Resources */,
				CB7C39CD2C01AEE0003FE92D /* Main.storyboard in Resources */,
			);
			runOnlyForDeploymentPostprocessing = 0;
		};
/* End PBXResourcesBuildPhase section */

/* Begin PBXSourcesBuildPhase section */
		CB7C39BE2C01AEE0003FE92D /* Sources */ = {
			isa = PBXSourcesBuildPhase;
			buildActionMask = 2147483647;
			files = (
				CB62EE0A2C01D93E00325359 /* APIManager.swift in Sources */,
				CB7C39C62C01AEE0003FE92D /* AppDelegate.swift in Sources */,
				CB7C39DC2C01BAED003FE92D /* ChatbotViewController.swift in Sources */,
				CB7CDA482C02570600B95A0B /* AudioTableViewCell.swift in Sources */,
				CB7C39C82C01AEE0003FE92D /* SceneDelegate.swift in Sources */,
			);
			runOnlyForDeploymentPostprocessing = 0;
		};
/* End PBXSourcesBuildPhase section */

/* Begin PBXVariantGroup section */
		CB7C39CB2C01AEE0003FE92D /* Main.storyboard */ = {
			isa = PBXVariantGroup;
			children = (
				CB7C39CC2C01AEE0003FE92D /* Base */,
			);
			name = Main.storyboard;
			sourceTree = "<group>";
		};
		CB7C39D02C01AEE1003FE92D /* LaunchScreen.storyboard */ = {
			isa = PBXVariantGroup;
			children = (
				CB7C39D12C01AEE1003FE92D /* Base */,
			);
			name = LaunchScreen.storyboard;
			sourceTree = "<group>";
		};
/* End PBXVariantGroup section */

/* Begin XCBuildConfiguration section */
		CB7C39D42C01AEE1003FE92D /* Debug */ = {
			isa = XCBuildConfiguration;
			baseConfigurationReference = CB7CDA6D2C02E89D00B95A0B /* Config.xcconfig */;
			buildSettings = {
				ALWAYS_SEARCH_USER_PATHS = NO;
				ASSETCATALOG_COMPILER_GENERATE_SWIFT_ASSET_SYMBOL_EXTENSIONS = YES;
				CLANG_ANALYZER_NONNULL = YES;
				CLANG_ANALYZER_NUMBER_OBJECT_CONVERSION = YES_AGGRESSIVE;
				CLANG_CXX_LANGUAGE_STANDARD = "gnu++20";
				CLANG_ENABLE_MODULES = YES;
				CLANG_ENABLE_OBJC_ARC = YES;
				CLANG_ENABLE_OBJC_WEAK = YES;
				CLANG_WARN_BLOCK_CAPTURE_AUTORELEASING = YES;
				CLANG_WARN_BOOL_CONVERSION = YES;
				CLANG_WARN_COMMA = YES;
				CLANG_WARN_CONSTANT_CONVERSION = YES;
				CLANG_WARN_DEPRECATED_OBJC_IMPLEMENTATIONS = YES;
				CLANG_WARN_DIRECT_OBJC_ISA_USAGE = YES_ERROR;
				CLANG_WARN_DOCUMENTATION_COMMENTS = YES;
				CLANG_WARN_EMPTY_BODY = YES;
				CLANG_WARN_ENUM_CONVERSION = YES;
				CLANG_WARN_INFINITE_RECURSION = YES;
				CLANG_WARN_INT_CONVERSION = YES;
				CLANG_WARN_NON_LITERAL_NULL_CONVERSION = YES;
				CLANG_WARN_OBJC_IMPLICIT_RETAIN_SELF = YES;
				CLANG_WARN_OBJC_LITERAL_CONVERSION = YES;
				CLANG_WARN_OBJC_ROOT_CLASS = YES_ERROR;
				CLANG_WARN_QUOTED_INCLUDE_IN_FRAMEWORK_HEADER = YES;
				CLANG_WARN_RANGE_LOOP_ANALYSIS = YES;
				CLANG_WARN_STRICT_PROTOTYPES = YES;
				CLANG_WARN_SUSPICIOUS_MOVE = YES;
				CLANG_WARN_UNGUARDED_AVAILABILITY = YES_AGGRESSIVE;
				CLANG_WARN_UNREACHABLE_CODE = YES;
				CLANG_WARN__DUPLICATE_METHOD_MATCH = YES;
				COPY_PHASE_STRIP = NO;
				DEBUG_INFORMATION_FORMAT = dwarf;
				ENABLE_STRICT_OBJC_MSGSEND = YES;
				ENABLE_TESTABILITY = YES;
				ENABLE_USER_SCRIPT_SANDBOXING = YES;
				GCC_C_LANGUAGE_STANDARD = gnu17;
				GCC_DYNAMIC_NO_PIC = NO;
				GCC_NO_COMMON_BLOCKS = YES;
				GCC_OPTIMIZATION_LEVEL = 0;
				GCC_PREPROCESSOR_DEFINITIONS = (
					"DEBUG=1",
					"$(inherited)",
				);
				GCC_WARN_64_TO_32_BIT_CONVERSION = YES;
				GCC_WARN_ABOUT_RETURN_TYPE = YES_ERROR;
				GCC_WARN_UNDECLARED_SELECTOR = YES;
				GCC_WARN_UNINITIALIZED_AUTOS = YES_AGGRESSIVE;
				GCC_WARN_UNUSED_FUNCTION = YES;
				GCC_WARN_UNUSED_VARIABLE = YES;
				IPHONEOS_DEPLOYMENT_TARGET = 17.2;
				LOCALIZATION_PREFERS_STRING_CATALOGS = YES;
				MTL_ENABLE_DEBUG_INFO = INCLUDE_SOURCE;
				MTL_FAST_MATH = YES;
				ONLY_ACTIVE_ARCH = YES;
				SDKROOT = iphoneos;
				SWIFT_ACTIVE_COMPILATION_CONDITIONS = "DEBUG $(inherited)";
				SWIFT_OPTIMIZATION_LEVEL = "-Onone";
			};
			name = Debug;
		};
		CB7C39D52C01AEE1003FE92D /* Release */ = {
			isa = XCBuildConfiguration;
			buildSettings = {
				ALWAYS_SEARCH_USER_PATHS = NO;
				ASSETCATALOG_COMPILER_GENERATE_SWIFT_ASSET_SYMBOL_EXTENSIONS = YES;
				CLANG_ANALYZER_NONNULL = YES;
				CLANG_ANALYZER_NUMBER_OBJECT_CONVERSION = YES_AGGRESSIVE;
				CLANG_CXX_LANGUAGE_STANDARD = "gnu++20";
				CLANG_ENABLE_MODULES = YES;
				CLANG_ENABLE_OBJC_ARC = YES;
				CLANG_ENABLE_OBJC_WEAK = YES;
				CLANG_WARN_BLOCK_CAPTURE_AUTORELEASING = YES;
				CLANG_WARN_BOOL_CONVERSION = YES;
				CLANG_WARN_COMMA = YES;
				CLANG_WARN_CONSTANT_CONVERSION = YES;
				CLANG_WARN_DEPRECATED_OBJC_IMPLEMENTATIONS = YES;
				CLANG_WARN_DIRECT_OBJC_ISA_USAGE = YES_ERROR;
				CLANG_WARN_DOCUMENTATION_COMMENTS = YES;
				CLANG_WARN_EMPTY_BODY = YES;
				CLANG_WARN_ENUM_CONVERSION = YES;
				CLANG_WARN_INFINITE_RECURSION = YES;
				CLANG_WARN_INT_CONVERSION = YES;
				CLANG_WARN_NON_LITERAL_NULL_CONVERSION = YES;
				CLANG_WARN_OBJC_IMPLICIT_RETAIN_SELF = YES;
				CLANG_WARN_OBJC_LITERAL_CONVERSION = YES;
				CLANG_WARN_OBJC_ROOT_CLASS = YES_ERROR;
				CLANG_WARN_QUOTED_INCLUDE_IN_FRAMEWORK_HEADER = YES;
				CLANG_WARN_RANGE_LOOP_ANALYSIS = YES;
				CLANG_WARN_STRICT_PROTOTYPES = YES;
				CLANG_WARN_SUSPICIOUS_MOVE = YES;
				CLANG_WARN_UNGUARDED_AVAILABILITY = YES_AGGRESSIVE;
				CLANG_WARN_UNREACHABLE_CODE = YES;
				CLANG_WARN__DUPLICATE_METHOD_MATCH = YES;
				COPY_PHASE_STRIP = NO;
				DEBUG_INFORMATION_FORMAT = "dwarf-with-dsym";
				ENABLE_NS_ASSERTIONS = NO;
				ENABLE_STRICT_OBJC_MSGSEND = YES;
				ENABLE_USER_SCRIPT_SANDBOXING = YES;
				GCC_C_LANGUAGE_STANDARD = gnu17;
				GCC_NO_COMMON_BLOCKS = YES;
				GCC_WARN_64_TO_32_BIT_CONVERSION = YES;
				GCC_WARN_ABOUT_RETURN_TYPE = YES_ERROR;
				GCC_WARN_UNDECLARED_SELECTOR = YES;
				GCC_WARN_UNINITIALIZED_AUTOS = YES_AGGRESSIVE;
				GCC_WARN_UNUSED_FUNCTION = YES;
				GCC_WARN_UNUSED_VARIABLE = YES;
				IPHONEOS_DEPLOYMENT_TARGET = 17.2;
				LOCALIZATION_PREFERS_STRING_CATALOGS = YES;
				MTL_ENABLE_DEBUG_INFO = NO;
				MTL_FAST_MATH = YES;
				SDKROOT = iphoneos;
				SWIFT_COMPILATION_MODE = wholemodule;
				VALIDATE_PRODUCT = YES;
			};
			name = Release;
		};
		CB7C39D72C01AEE1003FE92D /* Debug */ = {
			isa = XCBuildConfiguration;
			baseConfigurationReference = CB7CDA6D2C02E89D00B95A0B /* Config.xcconfig */;
			buildSettings = {
				ASSETCATALOG_COMPILER_APPICON_NAME = AppIcon;
				ASSETCATALOG_COMPILER_GLOBAL_ACCENT_COLOR_NAME = AccentColor;
				CODE_SIGN_STYLE = Automatic;
				CURRENT_PROJECT_VERSION = 1;
				DEVELOPMENT_TEAM = 43ZU85RPA4;
				GENERATE_INFOPLIST_FILE = YES;
				INFOPLIST_FILE = "Hackathon-nF/Info.plist";
				INFOPLIST_KEY_UIApplicationSupportsIndirectInputEvents = YES;
				INFOPLIST_KEY_UILaunchStoryboardName = LaunchScreen;
				INFOPLIST_KEY_UIMainStoryboardFile = Main;
				INFOPLIST_KEY_UISupportedInterfaceOrientations_iPad = "UIInterfaceOrientationPortrait UIInterfaceOrientationPortraitUpsideDown UIInterfaceOrientationLandscapeLeft UIInterfaceOrientationLandscapeRight";
				INFOPLIST_KEY_UISupportedInterfaceOrientations_iPhone = "UIInterfaceOrientationPortrait UIInterfaceOrientationLandscapeLeft UIInterfaceOrientationLandscapeRight";
				LD_RUNPATH_SEARCH_PATHS = (
					"$(inherited)",
					"@executable_path/Frameworks",
				);
				MARKETING_VERSION = 1.0;
				PRODUCT_BUNDLE_IDENTIFIER = "Nazym.Hackathon-nF";
				PRODUCT_NAME = "$(TARGET_NAME)";
				SWIFT_EMIT_LOC_STRINGS = YES;
				SWIFT_VERSION = 5.0;
				TARGETED_DEVICE_FAMILY = "1,2";
			};
			name = Debug;
		};
		CB7C39D82C01AEE1003FE92D /* Release */ = {
			isa = XCBuildConfiguration;
			buildSettings = {
				ASSETCATALOG_COMPILER_APPICON_NAME = AppIcon;
				ASSETCATALOG_COMPILER_GLOBAL_ACCENT_COLOR_NAME = AccentColor;
				CODE_SIGN_STYLE = Automatic;
				CURRENT_PROJECT_VERSION = 1;
				DEVELOPMENT_TEAM = 43ZU85RPA4;
				GENERATE_INFOPLIST_FILE = YES;
				INFOPLIST_FILE = "Hackathon-nF/Info.plist";
				INFOPLIST_KEY_UIApplicationSupportsIndirectInputEvents = YES;
				INFOPLIST_KEY_UILaunchStoryboardName = LaunchScreen;
				INFOPLIST_KEY_UIMainStoryboardFile = Main;
				INFOPLIST_KEY_UISupportedInterfaceOrientations_iPad = "UIInterfaceOrientationPortrait UIInterfaceOrientationPortraitUpsideDown UIInterfaceOrientationLandscapeLeft UIInterfaceOrientationLandscapeRight";
				INFOPLIST_KEY_UISupportedInterfaceOrientations_iPhone = "UIInterfaceOrientationPortrait UIInterfaceOrientationLandscapeLeft UIInterfaceOrientationLandscapeRight";
				LD_RUNPATH_SEARCH_PATHS = (
					"$(inherited)",
					"@executable_path/Frameworks",
				);
				MARKETING_VERSION = 1.0;
				PRODUCT_BUNDLE_IDENTIFIER = "Nazym.Hackathon-nF";
				PRODUCT_NAME = "$(TARGET_NAME)";
				SWIFT_EMIT_LOC_STRINGS = YES;
				SWIFT_VERSION = 5.0;
				TARGETED_DEVICE_FAMILY = "1,2";
			};
			name = Release;
		};
/* End XCBuildConfiguration section */

/* Begin XCConfigurationList section */
		CB7C39BD2C01AEE0003FE92D /* Build configuration list for PBXProject "Hackathon-nF" */ = {
			isa = XCConfigurationList;
			buildConfigurations = (
				CB7C39D42C01AEE1003FE92D /* Debug */,
				CB7C39D52C01AEE1003FE92D /* Release */,
			);
			defaultConfigurationIsVisible = 0;
			defaultConfigurationName = Release;
		};
		CB7C39D62C01AEE1003FE92D /* Build configuration list for PBXNativeTarget "Hackathon-nF" */ = {
			isa = XCConfigurationList;
			buildConfigurations = (
				CB7C39D72C01AEE1003FE92D /* Debug */,
				CB7C39D82C01AEE1003FE92D /* Release */,
			);
			defaultConfigurationIsVisible = 0;
			defaultConfigurationName = Release;
		};
/* End XCConfigurationList section */
	};
	rootObject = CB7C39BA2C01AEE0003FE92D /* Project object */;
}
